
Microsoft Visual Studio Solution File, Format Version 12.00
# Visual Studio Version 16
VisualStudioVersion = 16.0.30413.136
MinimumVisualStudioVersion = 10.0.40219.1
Project("{FAE04EC0-301F-11D3-BF4B-00C04F79EFBC}") = "ExerciseA", "ExerciseA\ExerciseA.csproj", "{D1301B1B-C24B-4EF9-810E-37FC8493ACC9}"
EndProject
Project("{FAE04EC0-301F-11D3-BF4B-00C04F79EFBC}") = "ExerciseB", "ExerciseB\ExerciseB.csproj", "{4CA46C89-49D3-4873-A101-E3C69108530D}"
EndProject
Project("{FAE04EC0-301F-11D3-BF4B-00C04F79EFBC}") = "ExerciseC", "ExerciseC\ExerciseC.csproj", "{43ADF3D7-2940-4040-A455-6ECA4E32EC3D}"
EndProject
Project("{FAE04EC0-301F-11D3-BF4B-00C04F79EFBC}") = "ExerciseD", "ExerciseD\ExerciseD.csproj", "{CD417818-E519-4B53-8D2C-B92B07C7C643}"
EndProject
Project("{FAE04EC0-301F-11D3-BF4B-00C04F79EFBC}") = "ExerciseE", "ExerciseE\ExerciseE.csproj", "{0778DF9E-615B-4924-95A1-B81851B1D74F}"
EndProject
Project("{FAE04EC0-301F-11D3-BF4B-00C04F79EFBC}") = "ExerciseF", "ExerciseF\ExerciseF.csproj", "{C2A89746-E539-4F87-8CB6-BD78200C7F2A}"
EndProject
Project("{FAE04EC0-301F-11D3-BF4B-00C04F79EFBC}") = "ExerciseG", "ExerciseG\ExerciseG.csproj", "{9734B41E-4102-4508-8860-AFCD626549C9}"
EndProject
Global
	GlobalSection(SolutionConfigurationPlatforms) = preSolution
		Debug|Any CPU = Debug|Any CPU
		Release|Any CPU = Release|Any CPU
	EndGlobalSection
	GlobalSection(ProjectConfigurationPlatforms) = postSolution
		{D1301B1B-C24B-4EF9-810E-37FC8493ACC9}.Debug|Any CPU.ActiveCfg = Debug|Any CPU
		{D1301B1B-C24B-4EF9-810E-37FC8493ACC9}.Debug|Any CPU.Build.0 = Debug|Any CPU
		{D1301B1B-C24B-4EF9-810E-37FC8493ACC9}.Release|Any CPU.ActiveCfg = Release|Any CPU
		{D1301B1B-C24B-4EF9-810E-37FC8493ACC9}.Release|Any CPU.Build.0 = Release|Any CPU
		{4CA46C89-49D3-4873-A101-E3C69108530D}.Debug|Any CPU.ActiveCfg = Debug|Any CPU
		{4CA46C89-49D3-4873-A101-E3C69108530D}.Debug|Any CPU.Build.0 = Debug|Any CPU
		{4CA46C89-49D3-4873-A101-E3C69108530D}.Release|Any CPU.ActiveCfg = Release|Any CPU
		{4CA46C89-49D3-4873-A101-E3C69108530D}.Release|Any CPU.Build.0 = Release|Any CPU
		{43ADF3D7-2940-4040-A455-6ECA4E32EC3D}.Debug|Any CPU.ActiveCfg = Debug|Any CPU
		{43ADF3D7-2940-4040-A455-6ECA4E32EC3D}.Debug|Any CPU.Build.0 = Debug|Any CPU
		{43ADF3D7-2940-4040-A455-6ECA4E32EC3D}.Release|Any CPU.ActiveCfg = Release|Any CPU
		{43ADF3D7-2940-4040-A455-6ECA4E32EC3D}.Release|Any CPU.Build.0 = Release|Any CPU
		{CD417818-E519-4B53-8D2C-B92B07C7C643}.Debug|Any CPU.ActiveCfg = Debug|Any CPU
		{CD417818-E519-4B53-8D2C-B92B07C7C643}.Debug|Any CPU.Build.0 = Debug|Any CPU
		{CD417818-E519-4B53-8D2C-B92B07C7C643}.Release|Any CPU.ActiveCfg = Release|Any CPU
		{CD417818-E519-4B53-8D2C-B92B07C7C643}.Release|Any CPU.Build.0 = Release|Any CPU
		{0778DF9E-615B-4924-95A1-B81851B1D74F}.Debug|Any CPU.ActiveCfg = Debug|Any CPU
		{0778DF9E-615B-4924-95A1-B81851B1D74F}.Debug|Any CPU.Build.0 = Debug|Any CPU
		{0778DF9E-615B-4924-95A1-B81851B1D74F}.Release|Any CPU.ActiveCfg = Release|Any CPU
		{0778DF9E-615B-4924-95A1-B81851B1D74F}.Release|Any CPU.Build.0 = Release|Any CPU
		{C2A89746-E539-4F87-8CB6-BD78200C7F2A}.Debug|Any CPU.ActiveCfg = Debug|Any CPU
		{C2A89746-E539-4F87-8CB6-BD78200C7F2A}.Debug|Any CPU.Build.0 = Debug|Any CPU
		{C2A89746-E539-4F87-8CB6-BD78200C7F2A}.Release|Any CPU.ActiveCfg = Release|Any CPU
		{C2A89746-E539-4F87-8CB6-BD78200C7F2A}.Release|Any CPU.Build.0 = Release|Any CPU
		{9734B41E-4102-4508-8860-AFCD626549C9}.Debug|Any CPU.ActiveCfg = Debug|Any CPU
		{9734B41E-4102-4508-8860-AFCD626549C9}.Debug|Any CPU.Build.0 = Debug|Any CPU
		{9734B41E-4102-4508-8860-AFCD626549C9}.Release|Any CPU.ActiveCfg = Release|Any CPU
		{9734B41E-4102-4508-8860-AFCD626549C9}.Release|Any CPU.Build.0 = Release|Any CPU
	EndGlobalSection
	GlobalSection(SolutionProperties) = preSolution
		HideSolutionNode = FALSE
	EndGlobalSection
	GlobalSection(ExtensibilityGlobals) = postSolution
		SolutionGuid = {52B134F2-6A3A-457C-86DA-D66AE4C6D62C}
	EndGlobalSection
EndGlobal
